<?xml version="1.0" encoding="utf-8"?>
<Project ToolsVersion="4.0" xmlns="http://schemas.microsoft.com/developer/msbuild/2003">
  <ItemGroup>
    <ClInclude Include="KirbyCore.h" />
    <ClInclude Include="PlayLevel.h">
      <Filter>PlayLevel</Filter>
    </ClInclude>
    <ClInclude Include="Player.h">
      <Filter>PlayLevel</Filter>
    </ClInclude>
    <ClInclude Include="TitleLogo.h">
      <Filter>TitleLevel</Filter>
    </ClInclude>
    <ClInclude Include="TitleLevel.h">
      <Filter>TitleLevel</Filter>
    </ClInclude>
    <ClInclude Include="Map.h">
      <Filter>PlayLevel</Filter>
    </ClInclude>
    <ClInclude Include="ContentsHelper.h" />
  </ItemGroup>
  <ItemGroup>
    <ClCompile Include="KirbyCore.cpp" />
    <ClCompile Include="PlayLevel.cpp">
      <Filter>PlayLevel</Filter>
    </ClCompile>
    <ClCompile Include="Player.cpp">
      <Filter>PlayLevel</Filter>
    </ClCompile>
    <ClCompile Include="TitleLogo.cpp">
      <Filter>TitleLevel</Filter>
    </ClCompile>
    <ClCompile Include="TitleLevel.cpp">
      <Filter>TitleLevel</Filter>
    </ClCompile>
    <ClCompile Include="Map.cpp">
      <Filter>PlayLevel</Filter>
    </ClCompile>
    <ClCompile Include="ContentsHelper.cpp" />
  </ItemGroup>
  <ItemGroup>
    <Filter Include="PlayLevel">
      <UniqueIdentifier>{2b887a6b-05d5-430d-866d-3c4a047e9703}</UniqueIdentifier>
    </Filter>
    <Filter Include="TitleLevel">
      <UniqueIdentifier>{840b5315-ce39-454e-9751-8d24613004a6}</UniqueIdentifier>
    </Filter>
  </ItemGroup>
</Project>