<?xml version="1.0" encoding="utf-8"?>
<Project ToolsVersion="4.0" xmlns="http://schemas.microsoft.com/developer/msbuild/2003">
  <ItemGroup>
    <ClInclude Include="KirbyCore.h" />
    <ClInclude Include="PlayLevel.h">
      <Filter>PlayLevel</Filter>
    </ClInclude>
    <ClInclude Include="TitleLogo.h">
      <Filter>TitleLevel</Filter>
    </ClInclude>
    <ClInclude Include="TitleLevel.h">
      <Filter>TitleLevel</Filter>
    </ClInclude>
    <ClInclude Include="RestAreaLevel.h">
      <Filter>RestAreaLevel</Filter>
    </ClInclude>
    <ClInclude Include="BossLevel.h">
      <Filter>BossLevel</Filter>
    </ClInclude>
    <ClInclude Include="StarBullet.h">
      <Filter>Actor\Bullets</Filter>
    </ClInclude>
    <ClInclude Include="Flamer.h">
      <Filter>Actor\Monsters</Filter>
    </ClInclude>
    <ClInclude Include="FireBullet.h">
      <Filter>Actor\Bullets</Filter>
    </ClInclude>
    <ClInclude Include="BulletHelper.h">
      <Filter>Helper</Filter>
    </ClInclude>
    <ClInclude Include="MonsterHelper.h">
      <Filter>Helper</Filter>
    </ClInclude>
    <ClInclude Include="ContentsHelper.h">
      <Filter>Helper</Filter>
    </ClInclude>
    <ClInclude Include="WaddleDee.h">
      <Filter>Actor\Monsters</Filter>
    </ClInclude>
    <ClInclude Include="MrFrosty.h">
      <Filter>Actor\Monsters</Filter>
    </ClInclude>
    <ClInclude Include="WoodBlock.h">
      <Filter>Actor\ETC</Filter>
    </ClInclude>
    <ClInclude Include="Ladder.h">
      <Filter>Actor\ETC</Filter>
    </ClInclude>
    <ClInclude Include="Spawner.h">
      <Filter>Actor\ETC</Filter>
    </ClInclude>
    <ClInclude Include="IceBullet.h">
      <Filter>Actor\Bullets</Filter>
    </ClInclude>
    <ClInclude Include="DoorStar.h">
      <Filter>Actor\ETC</Filter>
    </ClInclude>
    <ClInclude Include="EndingLevel.h">
      <Filter>EndingLevel</Filter>
    </ClInclude>
    <ClInclude Include="Map.h">
      <Filter>Actor\ETC</Filter>
    </ClInclude>
    <ClInclude Include="Player.h">
      <Filter>Actor\Kirby</Filter>
    </ClInclude>
    <ClInclude Include="EndingKirby.h">
      <Filter>Actor\Kirby</Filter>
    </ClInclude>
    <ClInclude Include="KirbyUI.h">
      <Filter>Actor\UI</Filter>
    </ClInclude>
    <ClInclude Include="Item.h">
      <Filter>Actor\Item</Filter>
    </ClInclude>
    <ClInclude Include="IceBreathBullet.h">
      <Filter>Actor\Bullets</Filter>
    </ClInclude>
  </ItemGroup>
  <ItemGroup>
    <ClCompile Include="KirbyCore.cpp" />
    <ClCompile Include="PlayLevel.cpp">
      <Filter>PlayLevel</Filter>
    </ClCompile>
    <ClCompile Include="TitleLogo.cpp">
      <Filter>TitleLevel</Filter>
    </ClCompile>
    <ClCompile Include="TitleLevel.cpp">
      <Filter>TitleLevel</Filter>
    </ClCompile>
    <ClCompile Include="RestAreaLevel.cpp">
      <Filter>RestAreaLevel</Filter>
    </ClCompile>
    <ClCompile Include="BossLevel.cpp">
      <Filter>BossLevel</Filter>
    </ClCompile>
    <ClCompile Include="ContentsHelper.cpp">
      <Filter>Helper</Filter>
    </ClCompile>
    <ClCompile Include="StarBullet.cpp">
      <Filter>Actor\Bullets</Filter>
    </ClCompile>
    <ClCompile Include="Flamer.cpp">
      <Filter>Actor\Monsters</Filter>
    </ClCompile>
    <ClCompile Include="FireBullet.cpp">
      <Filter>Actor\Bullets</Filter>
    </ClCompile>
    <ClCompile Include="BulletHelper.cpp">
      <Filter>Helper</Filter>
    </ClCompile>
    <ClCompile Include="MonsterHelper.cpp">
      <Filter>Helper</Filter>
    </ClCompile>
    <ClCompile Include="WaddleDee.cpp">
      <Filter>Actor\Monsters</Filter>
    </ClCompile>
    <ClCompile Include="MrFrosty.cpp">
      <Filter>Actor\Monsters</Filter>
    </ClCompile>
    <ClCompile Include="WoodBlock.cpp">
      <Filter>Actor\ETC</Filter>
    </ClCompile>
    <ClCompile Include="Ladder.cpp">
      <Filter>Actor\ETC</Filter>
    </ClCompile>
    <ClCompile Include="Spawner.cpp">
      <Filter>Actor\ETC</Filter>
    </ClCompile>
    <ClCompile Include="IceBullet.cpp">
      <Filter>Actor\Bullets</Filter>
    </ClCompile>
    <ClCompile Include="DoorStar.cpp">
      <Filter>Actor\ETC</Filter>
    </ClCompile>
    <ClCompile Include="EndingLevel.cpp">
      <Filter>EndingLevel</Filter>
    </ClCompile>
    <ClCompile Include="Map.cpp">
      <Filter>Actor\ETC</Filter>
    </ClCompile>
    <ClCompile Include="EndingKirby.cpp">
      <Filter>Actor\Kirby</Filter>
    </ClCompile>
    <ClCompile Include="Player.cpp">
      <Filter>Actor\Kirby</Filter>
    </ClCompile>
    <ClCompile Include="KirbyUI.cpp">
      <Filter>Actor\UI</Filter>
    </ClCompile>
    <ClCompile Include="Item.cpp">
      <Filter>Actor\Item</Filter>
    </ClCompile>
    <ClCompile Include="IceBreathBullet.cpp">
      <Filter>Actor\Bullets</Filter>
    </ClCompile>
  </ItemGroup>
  <ItemGroup>
    <Filter Include="PlayLevel">
      <UniqueIdentifier>{2b887a6b-05d5-430d-866d-3c4a047e9703}</UniqueIdentifier>
    </Filter>
    <Filter Include="TitleLevel">
      <UniqueIdentifier>{840b5315-ce39-454e-9751-8d24613004a6}</UniqueIdentifier>
    </Filter>
    <Filter Include="RestAreaLevel">
      <UniqueIdentifier>{a3ab6508-127a-4090-8775-b5fda92db73e}</UniqueIdentifier>
    </Filter>
    <Filter Include="BossLevel">
      <UniqueIdentifier>{930e3b63-64d1-4fa3-89a8-05be6967633b}</UniqueIdentifier>
    </Filter>
    <Filter Include="Actor">
      <UniqueIdentifier>{3e6f5bd0-5648-45cc-a4f7-ae6b68f56930}</UniqueIdentifier>
    </Filter>
    <Filter Include="Helper">
      <UniqueIdentifier>{709f60fe-8a0b-4da1-b7c2-b2667c951e3d}</UniqueIdentifier>
    </Filter>
    <Filter Include="Actor\Bullets">
      <UniqueIdentifier>{482be0f0-d5a5-43e6-9d6f-f3752a503752}</UniqueIdentifier>
    </Filter>
    <Filter Include="Actor\Monsters">
      <UniqueIdentifier>{54f14a6f-48ce-4345-903e-f78eb959f36b}</UniqueIdentifier>
    </Filter>
    <Filter Include="Actor\ETC">
      <UniqueIdentifier>{6c99faff-7017-4b44-9557-2ea9d5685b3d}</UniqueIdentifier>
    </Filter>
    <Filter Include="EndingLevel">
      <UniqueIdentifier>{b59dc5bd-451c-4363-93df-9f8c189c62dd}</UniqueIdentifier>
    </Filter>
    <Filter Include="Actor\Kirby">
      <UniqueIdentifier>{46a5a448-051c-49c0-b6a7-025e3eef15a2}</UniqueIdentifier>
    </Filter>
    <Filter Include="Actor\UI">
      <UniqueIdentifier>{c8001d89-d011-4178-88bf-f965eb1b2bae}</UniqueIdentifier>
    </Filter>
    <Filter Include="Actor\Item">
      <UniqueIdentifier>{2975e071-c270-4ca5-97f3-65b89a05d0d1}</UniqueIdentifier>
    </Filter>
  </ItemGroup>
</Project>